# This file is autogenerated, do not edit; changes may be undone by the next 'dep ensure'.


[[projects]]
  name = "github.com/gorilla/context"
  packages = ["."]
  revision = "08b5f424b9271eedf6f9f0ce86cb9396ed337a42"
  version = "v1.1.1"

[[projects]]
  name = "github.com/gorilla/mux"
  packages = ["."]
  revision = "e3702bed27f0d39777b0b37b664b6280e8ef8fbf"
  version = "v1.6.2"

[[projects]]
  branch = "master"
  name = "github.com/lib/pq"
  packages = [
    ".",
    "oid"
  ]
  revision = "90697d60dd844d5ef6ff15135d0203f65d2f53b8"

[[projects]]
  name = "github.com/patrickmn/go-cache"
  packages = ["."]
  revision = "a3647f8e31d79543b2d0f0ae2fe5c379d72cedc0"
  version = "v2.1.0"

[[projects]]
  branch = "master"
  name = "github.com/tylertreat/BoomFilters"
  packages = ["."]
  revision = "8298e22dd59a0934529b1f78dd4e353df78277e3"

[[projects]]
  branch = "master"
  name = "golang.org/x/crypto"
  packages = ["sha3"]
  revision = "a49355c7e3f8fe157a85be2f77e6e269a0f89602"

[solve-meta]
  analyzer-name = "dep"
  analyzer-version = 1
  inputs-digest = "caadc8d00463432262340372eabf71301c8af01665b5d67a5cebd76e84df4448"
  solver-name = "gps-cdcl"
  solver-version = 1
